{
    "_meta": {
        "hash": {
            "sha256": "d6d5b88b4957f71c13dedf20280f08983fbfab32841584a2de5f3a3fa42b9816"
        },
        "pipfile-spec": 6,
        "requires": {
            "python_version": "3.12"
        },
        "sources": [
            {
                "name": "pypi",
                "url": "https://pypi.org/simple",
                "verify_ssl": true
            }
        ]
    },
    "default": {
        "asgiref": {
            "hashes": [
                "sha256:3e1e3ecc849832fe52ccf2cb6686b7a55f82bb1d6aee72a58826471390335e47",
                "sha256:c343bd80a0bec947a9860adb4c432ffa7db769836c64238fc34bdc3fec84d590"
            ],
            "markers": "python_version >= '3.8'",
            "version": "==3.8.1"
        },
        "boto3": {
            "hashes": [
                "sha256:b0874233057995a8f0c813f5b45a36c09630e74c43d7a7c64db2feef2915d493",
                "sha256:dc56caaaab2157a4bfc109c88b50cd032f3ac66c06d17f8ee335b798eaf53e5c"
            ],
            "index": "pypi",
            "markers": "python_version >= '3.8'",
            "version": "==1.35.90"
        },
        "botocore": {
            "hashes": [
                "sha256:51dcbe1b32e2ac43dac17091f401a00ce5939f76afe999081802009cce1e92e4",
                "sha256:f007f58e8e3c1ad0412a6ddfae40ed92a7bca571c068cb959902bcf107f2ae48"
            ],
            "markers": "python_version >= '3.8'",
            "version": "==1.35.90"
        },
        "dj-database-url": {
            "hashes": [
                "sha256:ae52e8e634186b57e5a45e445da5dc407a819c2ceed8a53d1fac004cc5288787",
                "sha256:bb0d414ba0ac5cd62773ec7f86f8cc378a9dbb00a80884c2fc08cc570452521e"
            ],
            "index": "pypi",
            "version": "==2.3.0"
        },
        "django": {
            "hashes": [
                "sha256:236e023f021f5ce7dee5779de7b286565fdea5f4ab86bae5338e3f7b69896cf0",
                "sha256:de450c09e91879fa5a307f696e57c851955c910a438a35e6b4c895e86bedc82a"
            ],
            "markers": "python_version >= '3.10'",
            "version": "==5.1.4"
        },
        "django-cors-headers": {
            "hashes": [
                "sha256:14d76b4b4c8d39375baeddd89e4f08899051eeaf177cb02a29bd6eae8cf63aa8",
                "sha256:8edbc0497e611c24d5150e0055d3b178c6534b8ed826fb6f53b21c63f5d48ba3"
            ],
            "index": "pypi",
            "markers": "python_version >= '3.9'",
            "version": "==4.6.0"
        },
        "django-filter": {
            "hashes": [
                "sha256:c4852822928ce17fb699bcfccd644b3574f1a2d80aeb2b4ff4f16b02dd49dc64",
                "sha256:d8ccaf6732afd21ca0542f6733b11591030fa98669f8d15599b358e24a2cd9c3"
            ],
            "index": "pypi",
            "markers": "python_version >= '3.8'",
            "version": "==24.3"
        },
        "django-phonenumber-field": {
            "extras": [
                "phonenumbers"
            ],
            "hashes": [
                "sha256:196c917b70c01a98e327f482eb8a4a4a55a29891db551f99078585397370b3ba",
                "sha256:8a560fe1b01b94c9de8cde22bc373b695f023cc6df4baba00264cb079da9f631"
            ],
            "markers": "python_version >= '3.8'",
            "version": "==8.0.0"
        },
        "django-storages": {
            "hashes": [
                "sha256:69aca94d26e6714d14ad63f33d13619e697508ee33ede184e462ed766dc2a73f",
                "sha256:d61930acb4a25e3aebebc6addaf946a3b1df31c803a6bf1af2f31c9047febaa3"
            ],
            "index": "pypi",
            "markers": "python_version >= '3.7'",
            "version": "==1.14.4"
        },
        "djangorestframework": {
            "hashes": [
                "sha256:2b8871b062ba1aefc2de01f773875441a961fefbf79f5eed1e32b2f096944b20",
                "sha256:36fe88cd2d6c6bec23dca9804bab2ba5517a8bb9d8f47ebc68981b56840107ad"
            ],
            "index": "pypi",
            "markers": "python_version >= '3.8'",
            "version": "==3.15.2"
        },
        "djangorestframework-simplejwt": {
            "hashes": [
                "sha256:381bc966aa46913905629d472cd72ad45faa265509764e20ffd440164c88d220",
                "sha256:6c4bd37537440bc439564ebf7d6085e74c5411485197073f508ebdfa34bc9fae"
            ],
            "index": "pypi",
            "markers": "python_version >= '3.8'",
            "version": "==5.3.1"
        },
        "gunicorn": {
            "hashes": [
                "sha256:ec400d38950de4dfd418cff8328b2c8faed0edb0d517d3394e457c317908ca4d",
                "sha256:f014447a0101dc57e294f6c18ca6b40227a4c90e9bdb586042628030cba004ec"
            ],
            "index": "pypi",
            "markers": "python_version >= '3.7'",
            "version": "==23.0.0"
        },
        "jmespath": {
            "hashes": [
                "sha256:02e2e4cc71b5bcab88332eebf907519190dd9e6e82107fa7f83b1003a6252980",
                "sha256:90261b206d6defd58fdd5e85f478bf633a2901798906be2ad389150c5c60edbe"
            ],
            "markers": "python_version >= '3.7'",
            "version": "==1.0.1"
        },
        "mysql-connector-python": {
            "hashes": [
                "sha256:109e17a4ada1442e3881a51e2bbabcb336ad229a619ac61e9ad24bd6b9b117bd",
                "sha256:25e261f3260ec798c48cb910862a299e565548a1b5421dec84315ddbc9ef28c4",
                "sha256:28fd99ee464ac3b02d1e2a71a63ca4f25c6110e4414a46a5b64631e6d2096899",
                "sha256:30a8f0ba84f8adf15a4877e80b3f97f786ce35616d918b9310578a2bd22952d5",
                "sha256:346261a2aeb743a39cf66ba8bde5e45931d313b76ce0946a69a6d1187ec7d279",
                "sha256:4f102452c64332b7e042fa37b84d4f15332bd639e479d15035f2a005fb9fbb34",
                "sha256:6d7d5d458d0d600bbbebd9f2bce551e386b359bcce6026f7369b57922d26f13a",
                "sha256:72dcce5f2e4f5910d65f02eb318c1e4622464da007a3ae5e9ccd64169d8efac3",
                "sha256:7b2eb48518b8c2bc9636883d264b291e5c93824fc6b61823ca9cf396a09474ad",
                "sha256:7d99c0a841a2c2a0e4d5b28376c1bfac794ec3821b66eb6fa2f7702cec820ee8",
                "sha256:948ef0c7da87901176d4320e0f40a3277ee06fe6f58ce151c1e60d8d50fdeaf4",
                "sha256:9b23a8e2acee91b5120febe00c53e7f472b9b6d49618e39fa1af86cdc1f0ade8",
                "sha256:abf16fc1155ebeba5558e5702dd7210d634ac8da484eca05a640b68a548dc7cf",
                "sha256:aceaab679b852c0a2ec0eed9eb2a490171b3493484f1881b605cbf2f9c5fde6d",
                "sha256:c350b1aaf257b1b778f44b8bfaeda07751f55e150f5a7464342f36e4aac8e805",
                "sha256:c36a9b9ebf9587aaa5d7928468fefe8faf6fc993a03cb242bb160ede9cf75b2d",
                "sha256:c75f674a52b8820c90d466183b2bb59f89bcf09d17ebe9b391313d89565c8896",
                "sha256:d627ebafc0327b935d8783454e7a4b5c32324ed39a2a1589239490ab850bf7d7",
                "sha256:dacf1aa84dc7dd8ae908626c3ae50fce956d0105130c7465fd248a4f035d50b1",
                "sha256:dcdcf380d07b9ca6f18a95e9516a6185f2ab31a53d290d5e698e77e59c043c9e",
                "sha256:e15153cb8ab5fcec00b99077de536489d22d4809fc28f633850398fef0560b1f",
                "sha256:e26a08a9500407fa8f4a6504f7077d1312bec4fa52cb0a58c1ad324ca1f3eeaa",
                "sha256:e2f0876e1efd76e05853cb0a623dba2746ee70686c043019d811737dd5c3d871",
                "sha256:e75ecb3df2c2cbe4d92d5dd58a318fa708edebc0fa2d850fc2a9d42481dbb808",
                "sha256:ec4386b2426bfb07f83455bf895d8a7e2d6c067343ac05be5511083ca2424991",
                "sha256:f67b22e3eaf5b03ffac97232d3dd67b56abcacad907ad4391c847bad5ba58f0e",
                "sha256:fec943d333851c4b5e57cd0b04dde36e6817f0d4d62b2a58ce028a82be444866"
            ],
            "index": "pypi",
            "markers": "python_version >= '3.9'",
            "version": "==9.1.0"
        },
        "packaging": {
            "hashes": [
                "sha256:09abb1bccd265c01f4a3aa3f7a7db064b36514d2cba19a2f694fe6150451a759",
                "sha256:c228a6dc5e932d346bc5739379109d49e8853dd8223571c7c5b55260edc0b97f"
            ],
            "markers": "python_version >= '3.8'",
            "version": "==24.2"
        },
        "phonenumbers": {
            "hashes": [
                "sha256:e803210038ece9d208b129e3023dc20e656a820d6bf6f1cb0471d4164f54bada",
                "sha256:fdc371ea6a4da052beb1225de63963d5a2fddbbff2bb53e3a957f360e0185f80"
            ],
            "version": "==8.13.52"
        },
        "pillow": {
            "hashes": [
                "sha256:015c6e863faa4779251436db398ae75051469f7c903b043a48f078e437656f83",
                "sha256:0a2f91f8a8b367e7a57c6e91cd25af510168091fb89ec5146003e424e1558a96",
                "sha256:11633d58b6ee5733bde153a8dafd25e505ea3d32e261accd388827ee987baf65",
                "sha256:2062ffb1d36544d42fcaa277b069c88b01bb7298f4efa06731a7fd6cc290b81a",
                "sha256:31eba6bbdd27dde97b0174ddf0297d7a9c3a507a8a1480e1e60ef914fe23d352",
                "sha256:3362c6ca227e65c54bf71a5f88b3d4565ff1bcbc63ae72c34b07bbb1cc59a43f",
                "sha256:368da70808b36d73b4b390a8ffac11069f8a5c85f29eff1f1b01bcf3ef5b2a20",
                "sha256:36ba10b9cb413e7c7dfa3e189aba252deee0602c86c309799da5a74009ac7a1c",
                "sha256:3764d53e09cdedd91bee65c2527815d315c6b90d7b8b79759cc48d7bf5d4f114",
                "sha256:3a5fe20a7b66e8135d7fd617b13272626a28278d0e578c98720d9ba4b2439d49",
                "sha256:3cdcdb0b896e981678eee140d882b70092dac83ac1cdf6b3a60e2216a73f2b91",
                "sha256:4637b88343166249fe8aa94e7c4a62a180c4b3898283bb5d3d2fd5fe10d8e4e0",
                "sha256:4db853948ce4e718f2fc775b75c37ba2efb6aaea41a1a5fc57f0af59eee774b2",
                "sha256:4dd43a78897793f60766563969442020e90eb7847463eca901e41ba186a7d4a5",
                "sha256:54251ef02a2309b5eec99d151ebf5c9904b77976c8abdcbce7891ed22df53884",
                "sha256:54ce1c9a16a9561b6d6d8cb30089ab1e5eb66918cb47d457bd996ef34182922e",
                "sha256:593c5fd6be85da83656b93ffcccc2312d2d149d251e98588b14fbc288fd8909c",
                "sha256:5bb94705aea800051a743aa4874bb1397d4695fb0583ba5e425ee0328757f196",
                "sha256:67cd427c68926108778a9005f2a04adbd5e67c442ed21d95389fe1d595458756",
                "sha256:70ca5ef3b3b1c4a0812b5c63c57c23b63e53bc38e758b37a951e5bc466449861",
                "sha256:73ddde795ee9b06257dac5ad42fcb07f3b9b813f8c1f7f870f402f4dc54b5269",
                "sha256:758e9d4ef15d3560214cddbc97b8ef3ef86ce04d62ddac17ad39ba87e89bd3b1",
                "sha256:7d33d2fae0e8b170b6a6c57400e077412240f6f5bb2a342cf1ee512a787942bb",
                "sha256:7fdadc077553621911f27ce206ffcbec7d3f8d7b50e0da39f10997e8e2bb7f6a",
                "sha256:8000376f139d4d38d6851eb149b321a52bb8893a88dae8ee7d95840431977081",
                "sha256:837060a8599b8f5d402e97197d4924f05a2e0d68756998345c829c33186217b1",
                "sha256:89dbdb3e6e9594d512780a5a1c42801879628b38e3efc7038094430844e271d8",
                "sha256:8c730dc3a83e5ac137fbc92dfcfe1511ce3b2b5d7578315b63dbbb76f7f51d90",
                "sha256:8e275ee4cb11c262bd108ab2081f750db2a1c0b8c12c1897f27b160c8bd57bbc",
                "sha256:9044b5e4f7083f209c4e35aa5dd54b1dd5b112b108648f5c902ad586d4f945c5",
                "sha256:93a18841d09bcdd774dcdc308e4537e1f867b3dec059c131fde0327899734aa1",
                "sha256:9409c080586d1f683df3f184f20e36fb647f2e0bc3988094d4fd8c9f4eb1b3b3",
                "sha256:96f82000e12f23e4f29346e42702b6ed9a2f2fea34a740dd5ffffcc8c539eb35",
                "sha256:9aa9aeddeed452b2f616ff5507459e7bab436916ccb10961c4a382cd3e03f47f",
                "sha256:9ee85f0696a17dd28fbcfceb59f9510aa71934b483d1f5601d1030c3c8304f3c",
                "sha256:a07dba04c5e22824816b2615ad7a7484432d7f540e6fa86af60d2de57b0fcee2",
                "sha256:a3cd561ded2cf2bbae44d4605837221b987c216cff94f49dfeed63488bb228d2",
                "sha256:a697cd8ba0383bba3d2d3ada02b34ed268cb548b369943cd349007730c92bddf",
                "sha256:a76da0a31da6fcae4210aa94fd779c65c75786bc9af06289cd1c184451ef7a65",
                "sha256:a85b653980faad27e88b141348707ceeef8a1186f75ecc600c395dcac19f385b",
                "sha256:a8d65b38173085f24bc07f8b6c505cbb7418009fa1a1fcb111b1f4961814a442",
                "sha256:aa8dd43daa836b9a8128dbe7d923423e5ad86f50a7a14dc688194b7be5c0dea2",
                "sha256:ab8a209b8485d3db694fa97a896d96dd6533d63c22829043fd9de627060beade",
                "sha256:abc56501c3fd148d60659aae0af6ddc149660469082859fa7b066a298bde9482",
                "sha256:ad5db5781c774ab9a9b2c4302bbf0c1014960a0a7be63278d13ae6fdf88126fe",
                "sha256:ae98e14432d458fc3de11a77ccb3ae65ddce70f730e7c76140653048c71bfcbc",
                "sha256:b20be51b37a75cc54c2c55def3fa2c65bb94ba859dde241cd0a4fd302de5ae0a",
                "sha256:b523466b1a31d0dcef7c5be1f20b942919b62fd6e9a9be199d035509cbefc0ec",
                "sha256:b5d658fbd9f0d6eea113aea286b21d3cd4d3fd978157cbf2447a6035916506d3",
                "sha256:b6123aa4a59d75f06e9dd3dac5bf8bc9aa383121bb3dd9a7a612e05eabc9961a",
                "sha256:bd165131fd51697e22421d0e467997ad31621b74bfc0b75956608cb2906dda07",
                "sha256:bf902d7413c82a1bfa08b06a070876132a5ae6b2388e2712aab3a7cbc02205c6",
                "sha256:c12fc111ef090845de2bb15009372175d76ac99969bdf31e2ce9b42e4b8cd88f",
                "sha256:c1eec9d950b6fe688edee07138993e54ee4ae634c51443cfb7c1e7613322718e",
                "sha256:c640e5a06869c75994624551f45e5506e4256562ead981cce820d5ab39ae2192",
                "sha256:cc1331b6d5a6e144aeb5e626f4375f5b7ae9934ba620c0ac6b3e43d5e683a0f0",
                "sha256:cfd5cd998c2e36a862d0e27b2df63237e67273f2fc78f47445b14e73a810e7e6",
                "sha256:d3d8da4a631471dfaf94c10c85f5277b1f8e42ac42bade1ac67da4b4a7359b73",
                "sha256:d44ff19eea13ae4acdaaab0179fa68c0c6f2f45d66a4d8ec1eda7d6cecbcc15f",
                "sha256:dd0052e9db3474df30433f83a71b9b23bd9e4ef1de13d92df21a52c0303b8ab6",
                "sha256:dd0e081319328928531df7a0e63621caf67652c8464303fd102141b785ef9547",
                "sha256:dda60aa465b861324e65a78c9f5cf0f4bc713e4309f83bc387be158b077963d9",
                "sha256:e06695e0326d05b06833b40b7ef477e475d0b1ba3a6d27da1bb48c23209bf457",
                "sha256:e1abe69aca89514737465752b4bcaf8016de61b3be1397a8fc260ba33321b3a8",
                "sha256:e267b0ed063341f3e60acd25c05200df4193e15a4a5807075cd71225a2386e26",
                "sha256:e5449ca63da169a2e6068dd0e2fcc8d91f9558aba89ff6d02121ca8ab11e79e5",
                "sha256:e63e4e5081de46517099dc30abe418122f54531a6ae2ebc8680bcd7096860eab",
                "sha256:f189805c8be5ca5add39e6f899e6ce2ed824e65fb45f3c28cb2841911da19070",
                "sha256:f7955ecf5609dee9442cbface754f2c6e541d9e6eda87fad7f7a989b0bdb9d71",
                "sha256:f86d3a7a9af5d826744fabf4afd15b9dfef44fe69a98541f666f66fbb8d3fef9",
                "sha256:fbd43429d0d7ed6533b25fc993861b8fd512c42d04514a0dd6337fb3ccf22761"
            ],
            "index": "pypi",
            "markers": "python_version >= '3.9'",
            "version": "==11.1.0"
        },
        "pyjwt": {
            "hashes": [
                "sha256:3cc5772eb20009233caf06e9d8a0577824723b44e6648ee0a2aedb6cf9381953",
                "sha256:dcdd193e30abefd5debf142f9adfcdd2b58004e644f25406ffaebd50bd98dacb"
            ],
            "markers": "python_version >= '3.9'",
            "version": "==2.10.1"
        },
        "pymysql": {
            "hashes": [
                "sha256:4de15da4c61dc132f4fb9ab763063e693d521a80fd0e87943b9a453dd4c19d6c",
                "sha256:e127611aaf2b417403c60bf4dc570124aeb4a57f5f37b8e95ae399a42f904cd0"
            ],
            "index": "pypi",
            "markers": "python_version >= '3.7'",
            "version": "==1.1.1"
        },
        "python-dateutil": {
            "hashes": [
                "sha256:37dd54208da7e1cd875388217d5e00ebd4179249f90fb72437e91a35459a0ad3",
                "sha256:a8b2bc7bffae282281c8140a97d3aa9c14da0b136dfe83f850eea9a5f7470427"
            ],
            "markers": "python_version >= '2.7' and python_version not in '3.0, 3.1, 3.2'",
            "version": "==2.9.0.post0"
        },
        "python-dotenv": {
            "hashes": [
                "sha256:e324ee90a023d808f1959c46bcbc04446a10ced277783dc6ee09987c37ec10ca",
                "sha256:f7b63ef50f1b690dddf550d03497b66d609393b40b564ed0d674909a68ebf16a"
            ],
            "index": "pypi",
            "markers": "python_version >= '3.8'",
            "version": "==1.0.1"
        },
        "s3transfer": {
            "hashes": [
                "sha256:244a76a24355363a68164241438de1b72f8781664920260c48465896b712a41e",
                "sha256:29edc09801743c21eb5ecbc617a152df41d3c287f67b615f73e5f750583666a7"
            ],
            "markers": "python_version >= '3.8'",
            "version": "==0.10.4"
        },
        "six": {
            "hashes": [
                "sha256:4721f391ed90541fddacab5acf947aa0d3dc7d27b2e1e8eda2be8970586c3274",
                "sha256:ff70335d468e7eb6ec65b95b99d3a2836546063f63acc5171de367e834932a81"
            ],
            "markers": "python_version >= '2.7' and python_version not in '3.0, 3.1, 3.2'",
            "version": "==1.17.0"
        },
        "sqlparse": {
            "hashes": [
                "sha256:09f67787f56a0b16ecdbde1bfc7f5d9c3371ca683cfeaa8e6ff60b4807ec9272",
                "sha256:cf2196ed3418f3ba5de6af7e82c694a9fbdbfecccdfc72e281548517081f16ca"
            ],
            "markers": "python_version >= '3.8'",
            "version": "==0.5.3"
        },
        "typing-extensions": {
            "hashes": [
                "sha256:04e5ca0351e0f3f85c6853954072df659d0d13fac324d0072316b67d7794700d",
                "sha256:1a7ead55c7e559dd4dee8856e3a88b41225abfe1ce8df57b7c13915fe121ffb8"
            ],
            "markers": "python_version >= '3.8'",
            "version": "==4.12.2"
        },
        "tzdata": {
            "hashes": [
                "sha256:7d85cc416e9382e69095b7bdf4afd9e3880418a2413feec7069d533d6b4e31cc",
                "sha256:a48093786cdcde33cad18c2555e8532f34422074448fbc874186f0abd79565cd"
            ],
            "markers": "sys_platform == 'win32'",
            "version": "==2024.2"
        },
        "urllib3": {
            "hashes": [
                "sha256:1cee9ad369867bfdbbb48b7dd50374c0967a0bb7710050facf0dd6911440e3df",
                "sha256:f8c5449b3cf0861679ce7e0503c7b44b5ec981bec0d1d3795a07f1ba96f0204d"
            ],
            "markers": "python_version >= '3.10'",
            "version": "==2.3.0"
        },
        "whitenoise": {
            "hashes": [
                "sha256:486bd7267a375fa9650b136daaec156ac572971acc8bf99add90817a530dd1d4",
                "sha256:df12dce147a043d1956d81d288c6f0044147c6d2ab9726e5772ac50fb45d2280"
            ],
            "index": "pypi",
            "markers": "python_version >= '3.9'",
            "version": "==6.8.2"
        }
    },
    "develop": {}
}
